
Microsoft Visual Studio Solution File, Format Version 12.00
# Visual Studio 15
VisualStudioVersion = 15.0.26124.0
MinimumVisualStudioVersion = 15.0.26124.0
Project("{FAE04EC0-301F-11D3-BF4B-00C04F79EFBC}") = "WriterService", "WriterService\WriterService.csproj", "{39A2E667-B620-4C28-9E47-AD392C7197D1}"
EndProject
Project("{FAE04EC0-301F-11D3-BF4B-00C04F79EFBC}") = "WriterService.SampleExtender", "WriterService.SampleExtender\WriterService.SampleExtender.csproj", "{779E31F3-AA86-4696-B373-5C6965A286D0}"
EndProject
Project("{FAE04EC0-301F-11D3-BF4B-00C04F79EFBC}") = "WriterServiceHost", "WriterServiceHost\WriterServiceHost.csproj", "{C67E3A67-C128-481D-99B1-14FEE6CAC4D5}"
EndProject
Global
	GlobalSection(SolutionConfigurationPlatforms) = preSolution
		Debug|Any CPU = Debug|Any CPU
		Debug|x64 = Debug|x64
		Debug|x86 = Debug|x86
		Release|Any CPU = Release|Any CPU
		Release|x64 = Release|x64
		Release|x86 = Release|x86
	EndGlobalSection
	GlobalSection(SolutionProperties) = preSolution
		HideSolutionNode = FALSE
	EndGlobalSection
	GlobalSection(ProjectConfigurationPlatforms) = postSolution
		{39A2E667-B620-4C28-9E47-AD392C7197D1}.Debug|Any CPU.ActiveCfg = Debug|Any CPU
		{39A2E667-B620-4C28-9E47-AD392C7197D1}.Debug|Any CPU.Build.0 = Debug|Any CPU
		{39A2E667-B620-4C28-9E47-AD392C7197D1}.Debug|x64.ActiveCfg = Debug|Any CPU
		{39A2E667-B620-4C28-9E47-AD392C7197D1}.Debug|x64.Build.0 = Debug|Any CPU
		{39A2E667-B620-4C28-9E47-AD392C7197D1}.Debug|x86.ActiveCfg = Debug|Any CPU
		{39A2E667-B620-4C28-9E47-AD392C7197D1}.Debug|x86.Build.0 = Debug|Any CPU
		{39A2E667-B620-4C28-9E47-AD392C7197D1}.Release|Any CPU.ActiveCfg = Release|Any CPU
		{39A2E667-B620-4C28-9E47-AD392C7197D1}.Release|Any CPU.Build.0 = Release|Any CPU
		{39A2E667-B620-4C28-9E47-AD392C7197D1}.Release|x64.ActiveCfg = Release|Any CPU
		{39A2E667-B620-4C28-9E47-AD392C7197D1}.Release|x64.Build.0 = Release|Any CPU
		{39A2E667-B620-4C28-9E47-AD392C7197D1}.Release|x86.ActiveCfg = Release|Any CPU
		{39A2E667-B620-4C28-9E47-AD392C7197D1}.Release|x86.Build.0 = Release|Any CPU
		{779E31F3-AA86-4696-B373-5C6965A286D0}.Debug|Any CPU.ActiveCfg = Debug|Any CPU
		{779E31F3-AA86-4696-B373-5C6965A286D0}.Debug|Any CPU.Build.0 = Debug|Any CPU
		{779E31F3-AA86-4696-B373-5C6965A286D0}.Debug|x64.ActiveCfg = Debug|Any CPU
		{779E31F3-AA86-4696-B373-5C6965A286D0}.Debug|x64.Build.0 = Debug|Any CPU
		{779E31F3-AA86-4696-B373-5C6965A286D0}.Debug|x86.ActiveCfg = Debug|Any CPU
		{779E31F3-AA86-4696-B373-5C6965A286D0}.Debug|x86.Build.0 = Debug|Any CPU
		{779E31F3-AA86-4696-B373-5C6965A286D0}.Release|Any CPU.ActiveCfg = Release|Any CPU
		{779E31F3-AA86-4696-B373-5C6965A286D0}.Release|Any CPU.Build.0 = Release|Any CPU
		{779E31F3-AA86-4696-B373-5C6965A286D0}.Release|x64.ActiveCfg = Release|Any CPU
		{779E31F3-AA86-4696-B373-5C6965A286D0}.Release|x64.Build.0 = Release|Any CPU
		{779E31F3-AA86-4696-B373-5C6965A286D0}.Release|x86.ActiveCfg = Release|Any CPU
		{779E31F3-AA86-4696-B373-5C6965A286D0}.Release|x86.Build.0 = Release|Any CPU
		{C67E3A67-C128-481D-99B1-14FEE6CAC4D5}.Debug|Any CPU.ActiveCfg = Debug|Any CPU
		{C67E3A67-C128-481D-99B1-14FEE6CAC4D5}.Debug|Any CPU.Build.0 = Debug|Any CPU
		{C67E3A67-C128-481D-99B1-14FEE6CAC4D5}.Debug|x64.ActiveCfg = Debug|Any CPU
		{C67E3A67-C128-481D-99B1-14FEE6CAC4D5}.Debug|x64.Build.0 = Debug|Any CPU
		{C67E3A67-C128-481D-99B1-14FEE6CAC4D5}.Debug|x86.ActiveCfg = Debug|Any CPU
		{C67E3A67-C128-481D-99B1-14FEE6CAC4D5}.Debug|x86.Build.0 = Debug|Any CPU
		{C67E3A67-C128-481D-99B1-14FEE6CAC4D5}.Release|Any CPU.ActiveCfg = Release|Any CPU
		{C67E3A67-C128-481D-99B1-14FEE6CAC4D5}.Release|Any CPU.Build.0 = Release|Any CPU
		{C67E3A67-C128-481D-99B1-14FEE6CAC4D5}.Release|x64.ActiveCfg = Release|Any CPU
		{C67E3A67-C128-481D-99B1-14FEE6CAC4D5}.Release|x64.Build.0 = Release|Any CPU
		{C67E3A67-C128-481D-99B1-14FEE6CAC4D5}.Release|x86.ActiveCfg = Release|Any CPU
		{C67E3A67-C128-481D-99B1-14FEE6CAC4D5}.Release|x86.Build.0 = Release|Any CPU
	EndGlobalSection
EndGlobal
