
Microsoft Visual Studio Solution File, Format Version 12.00
# Visual Studio 15
VisualStudioVersion = 15.0.26124.0
MinimumVisualStudioVersion = 15.0.26124.0
Project("{FAE04EC0-301F-11D3-BF4B-00C04F79EFBC}") = "Mono.Addins", "Mono.Addins\Mono.Addins.csproj", "{91DD5A2D-9FE3-4C3C-9253-876141874DAD}"
EndProject
Project("{2150E333-8FDC-42A3-9474-1A3956D46DE8}") = "Samples", "Samples", "{E09A4B08-E949-41B6-9444-9278F91E17C6}"
EndProject
Project("{2150E333-8FDC-42A3-9474-1A3956D46DE8}") = "HelloWorld", "HelloWorld", "{4F5E3A06-5141-47CC-AF40-D11AB310C503}"
EndProject
Project("{FAE04EC0-301F-11D3-BF4B-00C04F79EFBC}") = "HelloWorld", "Samples\HelloWorld\HelloWorld\HelloWorld.csproj", "{80846E43-7820-4E05-8548-5B43E75DC042}"
EndProject
Project("{FAE04EC0-301F-11D3-BF4B-00C04F79EFBC}") = "HelloWorldAddin", "Samples\HelloWorld\HelloWorldAddin\HelloWorldAddin.csproj", "{4499CFB5-7F20-4498-8333-1668D3302EE0}"
EndProject
Project("{2150E333-8FDC-42A3-9474-1A3956D46DE8}") = "HelloWorldWithManifest", "HelloWorldWithManifest", "{D53528E0-E2FC-4587-A04E-BFC8E3768F50}"
EndProject
Project("{FAE04EC0-301F-11D3-BF4B-00C04F79EFBC}") = "HelloWorld", "Samples\HelloWorldWithManifest\HelloWorld\HelloWorld.csproj", "{42B61CFD-CAC7-4A8E-AC4B-829CC555FF81}"
EndProject
Project("{FAE04EC0-301F-11D3-BF4B-00C04F79EFBC}") = "HelloWorldAddin", "Samples\HelloWorldWithManifest\HelloWorldAddin\HelloWorldAddin.csproj", "{B0F6B936-8ABB-4396-A53E-EBFF6A25DCE9}"
EndProject
Project("{2150E333-8FDC-42A3-9474-1A3956D46DE8}") = "WriterService", "WriterService", "{7AC884E4-8709-4160-9F05-D166DDAEEBE7}"
EndProject
Project("{FAE04EC0-301F-11D3-BF4B-00C04F79EFBC}") = "WriterService", "Samples\WriterService\WriterService\WriterService.csproj", "{98E5023A-729E-4361-BD09-BCDA08FEBA2C}"
EndProject
Project("{FAE04EC0-301F-11D3-BF4B-00C04F79EFBC}") = "WriterServiceHost", "Samples\WriterService\WriterServiceHost\WriterServiceHost.csproj", "{EF456543-AAE8-4D6E-99BA-FAA336BF5965}"
EndProject
Project("{FAE04EC0-301F-11D3-BF4B-00C04F79EFBC}") = "WriterService.SampleExtender", "Samples\WriterService\WriterService.SampleExtender\WriterService.SampleExtender.csproj", "{1BD996DD-D17A-4757-AB37-4F52788B2518}"
EndProject
Global
	GlobalSection(SolutionConfigurationPlatforms) = preSolution
		Debug|Any CPU = Debug|Any CPU
		Debug|x64 = Debug|x64
		Debug|x86 = Debug|x86
		Release|Any CPU = Release|Any CPU
		Release|x64 = Release|x64
		Release|x86 = Release|x86
	EndGlobalSection
	GlobalSection(SolutionProperties) = preSolution
		HideSolutionNode = FALSE
	EndGlobalSection
	GlobalSection(ProjectConfigurationPlatforms) = postSolution
		{91DD5A2D-9FE3-4C3C-9253-876141874DAD}.Debug|Any CPU.ActiveCfg = Debug|Any CPU
		{91DD5A2D-9FE3-4C3C-9253-876141874DAD}.Debug|Any CPU.Build.0 = Debug|Any CPU
		{91DD5A2D-9FE3-4C3C-9253-876141874DAD}.Debug|x64.ActiveCfg = Debug|Any CPU
		{91DD5A2D-9FE3-4C3C-9253-876141874DAD}.Debug|x64.Build.0 = Debug|Any CPU
		{91DD5A2D-9FE3-4C3C-9253-876141874DAD}.Debug|x86.ActiveCfg = Debug|Any CPU
		{91DD5A2D-9FE3-4C3C-9253-876141874DAD}.Debug|x86.Build.0 = Debug|Any CPU
		{91DD5A2D-9FE3-4C3C-9253-876141874DAD}.Release|Any CPU.ActiveCfg = Debug|Any CPU
		{91DD5A2D-9FE3-4C3C-9253-876141874DAD}.Release|Any CPU.Build.0 = Debug|Any CPU
		{91DD5A2D-9FE3-4C3C-9253-876141874DAD}.Release|x64.ActiveCfg = Debug|Any CPU
		{91DD5A2D-9FE3-4C3C-9253-876141874DAD}.Release|x64.Build.0 = Debug|Any CPU
		{91DD5A2D-9FE3-4C3C-9253-876141874DAD}.Release|x86.ActiveCfg = Debug|Any CPU
		{91DD5A2D-9FE3-4C3C-9253-876141874DAD}.Release|x86.Build.0 = Debug|Any CPU
		{80846E43-7820-4E05-8548-5B43E75DC042}.Debug|Any CPU.ActiveCfg = Debug|Any CPU
		{80846E43-7820-4E05-8548-5B43E75DC042}.Debug|Any CPU.Build.0 = Debug|Any CPU
		{80846E43-7820-4E05-8548-5B43E75DC042}.Debug|x64.ActiveCfg = Debug|Any CPU
		{80846E43-7820-4E05-8548-5B43E75DC042}.Debug|x64.Build.0 = Debug|Any CPU
		{80846E43-7820-4E05-8548-5B43E75DC042}.Debug|x86.ActiveCfg = Debug|Any CPU
		{80846E43-7820-4E05-8548-5B43E75DC042}.Debug|x86.Build.0 = Debug|Any CPU
		{80846E43-7820-4E05-8548-5B43E75DC042}.Release|Any CPU.ActiveCfg = Release|Any CPU
		{80846E43-7820-4E05-8548-5B43E75DC042}.Release|Any CPU.Build.0 = Release|Any CPU
		{80846E43-7820-4E05-8548-5B43E75DC042}.Release|x64.ActiveCfg = Release|Any CPU
		{80846E43-7820-4E05-8548-5B43E75DC042}.Release|x64.Build.0 = Release|Any CPU
		{80846E43-7820-4E05-8548-5B43E75DC042}.Release|x86.ActiveCfg = Release|Any CPU
		{80846E43-7820-4E05-8548-5B43E75DC042}.Release|x86.Build.0 = Release|Any CPU
		{4499CFB5-7F20-4498-8333-1668D3302EE0}.Debug|Any CPU.ActiveCfg = Debug|Any CPU
		{4499CFB5-7F20-4498-8333-1668D3302EE0}.Debug|Any CPU.Build.0 = Debug|Any CPU
		{4499CFB5-7F20-4498-8333-1668D3302EE0}.Debug|x64.ActiveCfg = Debug|Any CPU
		{4499CFB5-7F20-4498-8333-1668D3302EE0}.Debug|x64.Build.0 = Debug|Any CPU
		{4499CFB5-7F20-4498-8333-1668D3302EE0}.Debug|x86.ActiveCfg = Debug|Any CPU
		{4499CFB5-7F20-4498-8333-1668D3302EE0}.Debug|x86.Build.0 = Debug|Any CPU
		{4499CFB5-7F20-4498-8333-1668D3302EE0}.Release|Any CPU.ActiveCfg = Release|Any CPU
		{4499CFB5-7F20-4498-8333-1668D3302EE0}.Release|Any CPU.Build.0 = Release|Any CPU
		{4499CFB5-7F20-4498-8333-1668D3302EE0}.Release|x64.ActiveCfg = Release|Any CPU
		{4499CFB5-7F20-4498-8333-1668D3302EE0}.Release|x64.Build.0 = Release|Any CPU
		{4499CFB5-7F20-4498-8333-1668D3302EE0}.Release|x86.ActiveCfg = Release|Any CPU
		{4499CFB5-7F20-4498-8333-1668D3302EE0}.Release|x86.Build.0 = Release|Any CPU
		{42B61CFD-CAC7-4A8E-AC4B-829CC555FF81}.Debug|Any CPU.ActiveCfg = Debug|Any CPU
		{42B61CFD-CAC7-4A8E-AC4B-829CC555FF81}.Debug|Any CPU.Build.0 = Debug|Any CPU
		{42B61CFD-CAC7-4A8E-AC4B-829CC555FF81}.Debug|x64.ActiveCfg = Debug|Any CPU
		{42B61CFD-CAC7-4A8E-AC4B-829CC555FF81}.Debug|x64.Build.0 = Debug|Any CPU
		{42B61CFD-CAC7-4A8E-AC4B-829CC555FF81}.Debug|x86.ActiveCfg = Debug|Any CPU
		{42B61CFD-CAC7-4A8E-AC4B-829CC555FF81}.Debug|x86.Build.0 = Debug|Any CPU
		{42B61CFD-CAC7-4A8E-AC4B-829CC555FF81}.Release|Any CPU.ActiveCfg = Release|Any CPU
		{42B61CFD-CAC7-4A8E-AC4B-829CC555FF81}.Release|Any CPU.Build.0 = Release|Any CPU
		{42B61CFD-CAC7-4A8E-AC4B-829CC555FF81}.Release|x64.ActiveCfg = Release|Any CPU
		{42B61CFD-CAC7-4A8E-AC4B-829CC555FF81}.Release|x64.Build.0 = Release|Any CPU
		{42B61CFD-CAC7-4A8E-AC4B-829CC555FF81}.Release|x86.ActiveCfg = Release|Any CPU
		{42B61CFD-CAC7-4A8E-AC4B-829CC555FF81}.Release|x86.Build.0 = Release|Any CPU
		{B0F6B936-8ABB-4396-A53E-EBFF6A25DCE9}.Debug|Any CPU.ActiveCfg = Debug|Any CPU
		{B0F6B936-8ABB-4396-A53E-EBFF6A25DCE9}.Debug|Any CPU.Build.0 = Debug|Any CPU
		{B0F6B936-8ABB-4396-A53E-EBFF6A25DCE9}.Debug|x64.ActiveCfg = Debug|Any CPU
		{B0F6B936-8ABB-4396-A53E-EBFF6A25DCE9}.Debug|x64.Build.0 = Debug|Any CPU
		{B0F6B936-8ABB-4396-A53E-EBFF6A25DCE9}.Debug|x86.ActiveCfg = Debug|Any CPU
		{B0F6B936-8ABB-4396-A53E-EBFF6A25DCE9}.Debug|x86.Build.0 = Debug|Any CPU
		{B0F6B936-8ABB-4396-A53E-EBFF6A25DCE9}.Release|Any CPU.ActiveCfg = Release|Any CPU
		{B0F6B936-8ABB-4396-A53E-EBFF6A25DCE9}.Release|Any CPU.Build.0 = Release|Any CPU
		{B0F6B936-8ABB-4396-A53E-EBFF6A25DCE9}.Release|x64.ActiveCfg = Release|Any CPU
		{B0F6B936-8ABB-4396-A53E-EBFF6A25DCE9}.Release|x64.Build.0 = Release|Any CPU
		{B0F6B936-8ABB-4396-A53E-EBFF6A25DCE9}.Release|x86.ActiveCfg = Release|Any CPU
		{B0F6B936-8ABB-4396-A53E-EBFF6A25DCE9}.Release|x86.Build.0 = Release|Any CPU
		{98E5023A-729E-4361-BD09-BCDA08FEBA2C}.Debug|Any CPU.ActiveCfg = Debug|Any CPU
		{98E5023A-729E-4361-BD09-BCDA08FEBA2C}.Debug|Any CPU.Build.0 = Debug|Any CPU
		{98E5023A-729E-4361-BD09-BCDA08FEBA2C}.Debug|x64.ActiveCfg = Debug|Any CPU
		{98E5023A-729E-4361-BD09-BCDA08FEBA2C}.Debug|x64.Build.0 = Debug|Any CPU
		{98E5023A-729E-4361-BD09-BCDA08FEBA2C}.Debug|x86.ActiveCfg = Debug|Any CPU
		{98E5023A-729E-4361-BD09-BCDA08FEBA2C}.Debug|x86.Build.0 = Debug|Any CPU
		{98E5023A-729E-4361-BD09-BCDA08FEBA2C}.Release|Any CPU.ActiveCfg = Release|Any CPU
		{98E5023A-729E-4361-BD09-BCDA08FEBA2C}.Release|Any CPU.Build.0 = Release|Any CPU
		{98E5023A-729E-4361-BD09-BCDA08FEBA2C}.Release|x64.ActiveCfg = Release|Any CPU
		{98E5023A-729E-4361-BD09-BCDA08FEBA2C}.Release|x64.Build.0 = Release|Any CPU
		{98E5023A-729E-4361-BD09-BCDA08FEBA2C}.Release|x86.ActiveCfg = Release|Any CPU
		{98E5023A-729E-4361-BD09-BCDA08FEBA2C}.Release|x86.Build.0 = Release|Any CPU
		{EF456543-AAE8-4D6E-99BA-FAA336BF5965}.Debug|Any CPU.ActiveCfg = Debug|Any CPU
		{EF456543-AAE8-4D6E-99BA-FAA336BF5965}.Debug|Any CPU.Build.0 = Debug|Any CPU
		{EF456543-AAE8-4D6E-99BA-FAA336BF5965}.Debug|x64.ActiveCfg = Debug|Any CPU
		{EF456543-AAE8-4D6E-99BA-FAA336BF5965}.Debug|x64.Build.0 = Debug|Any CPU
		{EF456543-AAE8-4D6E-99BA-FAA336BF5965}.Debug|x86.ActiveCfg = Debug|Any CPU
		{EF456543-AAE8-4D6E-99BA-FAA336BF5965}.Debug|x86.Build.0 = Debug|Any CPU
		{EF456543-AAE8-4D6E-99BA-FAA336BF5965}.Release|Any CPU.ActiveCfg = Release|Any CPU
		{EF456543-AAE8-4D6E-99BA-FAA336BF5965}.Release|Any CPU.Build.0 = Release|Any CPU
		{EF456543-AAE8-4D6E-99BA-FAA336BF5965}.Release|x64.ActiveCfg = Release|Any CPU
		{EF456543-AAE8-4D6E-99BA-FAA336BF5965}.Release|x64.Build.0 = Release|Any CPU
		{EF456543-AAE8-4D6E-99BA-FAA336BF5965}.Release|x86.ActiveCfg = Release|Any CPU
		{EF456543-AAE8-4D6E-99BA-FAA336BF5965}.Release|x86.Build.0 = Release|Any CPU
		{1BD996DD-D17A-4757-AB37-4F52788B2518}.Debug|Any CPU.ActiveCfg = Debug|Any CPU
		{1BD996DD-D17A-4757-AB37-4F52788B2518}.Debug|Any CPU.Build.0 = Debug|Any CPU
		{1BD996DD-D17A-4757-AB37-4F52788B2518}.Debug|x64.ActiveCfg = Debug|Any CPU
		{1BD996DD-D17A-4757-AB37-4F52788B2518}.Debug|x64.Build.0 = Debug|Any CPU
		{1BD996DD-D17A-4757-AB37-4F52788B2518}.Debug|x86.ActiveCfg = Debug|Any CPU
		{1BD996DD-D17A-4757-AB37-4F52788B2518}.Debug|x86.Build.0 = Debug|Any CPU
		{1BD996DD-D17A-4757-AB37-4F52788B2518}.Release|Any CPU.ActiveCfg = Release|Any CPU
		{1BD996DD-D17A-4757-AB37-4F52788B2518}.Release|Any CPU.Build.0 = Release|Any CPU
		{1BD996DD-D17A-4757-AB37-4F52788B2518}.Release|x64.ActiveCfg = Release|Any CPU
		{1BD996DD-D17A-4757-AB37-4F52788B2518}.Release|x64.Build.0 = Release|Any CPU
		{1BD996DD-D17A-4757-AB37-4F52788B2518}.Release|x86.ActiveCfg = Release|Any CPU
		{1BD996DD-D17A-4757-AB37-4F52788B2518}.Release|x86.Build.0 = Release|Any CPU
	EndGlobalSection
	GlobalSection(NestedProjects) = preSolution
		{4F5E3A06-5141-47CC-AF40-D11AB310C503} = {E09A4B08-E949-41B6-9444-9278F91E17C6}
		{80846E43-7820-4E05-8548-5B43E75DC042} = {4F5E3A06-5141-47CC-AF40-D11AB310C503}
		{4499CFB5-7F20-4498-8333-1668D3302EE0} = {4F5E3A06-5141-47CC-AF40-D11AB310C503}
		{D53528E0-E2FC-4587-A04E-BFC8E3768F50} = {E09A4B08-E949-41B6-9444-9278F91E17C6}
		{42B61CFD-CAC7-4A8E-AC4B-829CC555FF81} = {D53528E0-E2FC-4587-A04E-BFC8E3768F50}
		{B0F6B936-8ABB-4396-A53E-EBFF6A25DCE9} = {D53528E0-E2FC-4587-A04E-BFC8E3768F50}
		{7AC884E4-8709-4160-9F05-D166DDAEEBE7} = {E09A4B08-E949-41B6-9444-9278F91E17C6}
		{98E5023A-729E-4361-BD09-BCDA08FEBA2C} = {7AC884E4-8709-4160-9F05-D166DDAEEBE7}
		{EF456543-AAE8-4D6E-99BA-FAA336BF5965} = {7AC884E4-8709-4160-9F05-D166DDAEEBE7}
		{1BD996DD-D17A-4757-AB37-4F52788B2518} = {7AC884E4-8709-4160-9F05-D166DDAEEBE7}
	EndGlobalSection
EndGlobal
