
Microsoft Visual Studio Solution File, Format Version 12.00
# Visual Studio 15
VisualStudioVersion = 15.0.26124.0
MinimumVisualStudioVersion = 15.0.26124.0
Project("{FAE04EC0-301F-11D3-BF4B-00C04F79EFBC}") = "HelloWorld", "HelloWorld\HelloWorld.csproj", "{376EF31D-538D-4972-8639-7F40A265D9E9}"
EndProject
Project("{FAE04EC0-301F-11D3-BF4B-00C04F79EFBC}") = "HelloWorldAddin", "HelloWorldAddin\HelloWorldAddin.csproj", "{12D1973A-738C-4062-A270-1E6B9327F200}"
EndProject
Global
	GlobalSection(SolutionConfigurationPlatforms) = preSolution
		Debug|Any CPU = Debug|Any CPU
		Debug|x64 = Debug|x64
		Debug|x86 = Debug|x86
		Release|Any CPU = Release|Any CPU
		Release|x64 = Release|x64
		Release|x86 = Release|x86
	EndGlobalSection
	GlobalSection(SolutionProperties) = preSolution
		HideSolutionNode = FALSE
	EndGlobalSection
	GlobalSection(ProjectConfigurationPlatforms) = postSolution
		{376EF31D-538D-4972-8639-7F40A265D9E9}.Debug|Any CPU.ActiveCfg = Debug|Any CPU
		{376EF31D-538D-4972-8639-7F40A265D9E9}.Debug|Any CPU.Build.0 = Debug|Any CPU
		{376EF31D-538D-4972-8639-7F40A265D9E9}.Debug|x64.ActiveCfg = Debug|Any CPU
		{376EF31D-538D-4972-8639-7F40A265D9E9}.Debug|x64.Build.0 = Debug|Any CPU
		{376EF31D-538D-4972-8639-7F40A265D9E9}.Debug|x86.ActiveCfg = Debug|Any CPU
		{376EF31D-538D-4972-8639-7F40A265D9E9}.Debug|x86.Build.0 = Debug|Any CPU
		{376EF31D-538D-4972-8639-7F40A265D9E9}.Release|Any CPU.ActiveCfg = Release|Any CPU
		{376EF31D-538D-4972-8639-7F40A265D9E9}.Release|Any CPU.Build.0 = Release|Any CPU
		{376EF31D-538D-4972-8639-7F40A265D9E9}.Release|x64.ActiveCfg = Release|Any CPU
		{376EF31D-538D-4972-8639-7F40A265D9E9}.Release|x64.Build.0 = Release|Any CPU
		{376EF31D-538D-4972-8639-7F40A265D9E9}.Release|x86.ActiveCfg = Release|Any CPU
		{376EF31D-538D-4972-8639-7F40A265D9E9}.Release|x86.Build.0 = Release|Any CPU
		{12D1973A-738C-4062-A270-1E6B9327F200}.Debug|Any CPU.ActiveCfg = Debug|Any CPU
		{12D1973A-738C-4062-A270-1E6B9327F200}.Debug|Any CPU.Build.0 = Debug|Any CPU
		{12D1973A-738C-4062-A270-1E6B9327F200}.Debug|x64.ActiveCfg = Debug|Any CPU
		{12D1973A-738C-4062-A270-1E6B9327F200}.Debug|x64.Build.0 = Debug|Any CPU
		{12D1973A-738C-4062-A270-1E6B9327F200}.Debug|x86.ActiveCfg = Debug|Any CPU
		{12D1973A-738C-4062-A270-1E6B9327F200}.Debug|x86.Build.0 = Debug|Any CPU
		{12D1973A-738C-4062-A270-1E6B9327F200}.Release|Any CPU.ActiveCfg = Release|Any CPU
		{12D1973A-738C-4062-A270-1E6B9327F200}.Release|Any CPU.Build.0 = Release|Any CPU
		{12D1973A-738C-4062-A270-1E6B9327F200}.Release|x64.ActiveCfg = Release|Any CPU
		{12D1973A-738C-4062-A270-1E6B9327F200}.Release|x64.Build.0 = Release|Any CPU
		{12D1973A-738C-4062-A270-1E6B9327F200}.Release|x86.ActiveCfg = Release|Any CPU
		{12D1973A-738C-4062-A270-1E6B9327F200}.Release|x86.Build.0 = Release|Any CPU
	EndGlobalSection
EndGlobal
